// !$*UTF8*$!
{
	archiveVersion = 1;
	classes = {
	};
	objectVersion = 77;
	objects = {

/* Begin PBXBuildFile section */
		560920F9304F1E040074EB91 /* RevenueCat in Frameworks */ = {isa = PBXBuildFile; productRef = 560920F8304F1E040074EB91 /* RevenueCat */; };
		560920FB304F1E040074EB91 /* RevenueCatUI in Frameworks */ = {isa = PBXBuildFile; productRef = 560920FA304F1E040074EB91 /* RevenueCatUI */; };
		564DED942FC467DD00D4E7CB /* GoogleSignIn in Frameworks */ = {isa = PBXBuildFile; productRef = 564DED932FC467DD00D4E7CB /* GoogleSignIn */; };
		564DED962FC467DD00D4E7CB /* GoogleSignInSwift in Frameworks */ = {isa = PBXBuildFile; productRef = 564DED952FC467DD00D4E7CB /* GoogleSignInSwift */; };
		AA0000FF2FC4646E00D4E7CB /* FirebaseCore in Frameworks */ = {isa = PBXBuildFile; productRef = AA0000FE2FC4646E00D4E7CB /* FirebaseCore */; };
		AA0001112FC4646E00D4E7CB /* FirebaseAuth in Frameworks */ = {isa = PBXBuildFile; productRef = AA0001102FC4646E00D4E7CB /* FirebaseAuth */; };
		AA0001132FC4646E00D4E7CB /* FirebaseFirestore in Frameworks */ = {isa = PBXBuildFile; productRef = AA0001122FC4646E00D4E7CB /* FirebaseFirestore */; };
		AA0002012FC4646E00D4E7CB /* FirebaseMessaging in Frameworks */ = {isa = PBXBuildFile; productRef = AA0002002FC4646E00D4E7CB /* FirebaseMessaging */; };
		AA0003012FC4646E00D4E7CB /* FirebaseStorage in Frameworks */ = {isa = PBXBuildFile; productRef = AA0003002FC4646E00D4E7CB /* FirebaseStorage */; };
		AA0004012FC4646E00D4E7CB /* FirebaseAppCheck in Frameworks */ = {isa = PBXBuildFile; productRef = AA0004002FC4646E00D4E7CB /* FirebaseAppCheck */; };
		AA0005012FC4646E00D4E7CB /* FirebaseAnalytics in Frameworks */ = {isa = PBXBuildFile; productRef = AA0005002FC4646E00D4E7CB /* FirebaseAnalytics */; };
/* End PBXBuildFile section */

/* Begin PBXFileReference section */
		564DED252FC4646E00D4E7CB /* DailyJournal.app */ = {isa = PBXFileReference; explicitFileType = wrapper.application; includeInIndex = 0; path = DailyJournal.app; sourceTree = BUILT_PRODUCTS_DIR; };
/* End PBXFileReference section */

/* Begin PBXFileSystemSynchronizedBuildFileExceptionSet section */
		564DEF062FC4A56C00D4E7CB /* Exceptions for "DailyJournal" folder in "DailyJournal" target */ = {
			isa = PBXFileSystemSynchronizedBuildFileExceptionSet;
			membershipExceptions = (
				Info.plist,
			);
			target = 564DED242FC4646E00D4E7CB /* DailyJournal */;
		};
/* End PBXFileSystemSynchronizedBuildFileExceptionSet section */

/* Begin PBXFileSystemSynchronizedRootGroup section */
		564DED272FC4646E00D4E7CB /* DailyJournal */ = {
			isa = PBXFileSystemSynchronizedRootGroup;
			exceptions = (
				564DEF062FC4A56C00D4E7CB /* Exceptions for "DailyJournal" folder in "DailyJournal" target */,
			);
			path = DailyJournal;
			sourceTree = "<group>";
		};
/* End PBXFileSystemSynchronizedRootGroup section */

/* Begin PBXFrameworksBuildPhase section */
		564DED222FC4646E00D4E7CB /* Frameworks */ = {
			isa = PBXFrameworksBuildPhase;
			buildActionMask = 2147483647;
			files = (
				AA0000FF2FC4646E00D4E7CB /* FirebaseCore in Frameworks */,
				AA0001112FC4646E00D4E7CB /* FirebaseAuth in Frameworks */,
				560920F9304F1E040074EB91 /* RevenueCat in Frameworks */,
				560920FB304F1E040074EB91 /* RevenueCatUI in Frameworks */,
				AA0001132FC4646E00D4E7CB /* FirebaseFirestore in Frameworks */,
				AA0002012FC4646E00D4E7CB /* FirebaseMessaging in Frameworks */,
				AA0003012FC4646E00D4E7CB /* FirebaseStorage in Frameworks */,
				AA0004012FC4646E00D4E7CB /* FirebaseAppCheck in Frameworks */,
				AA0005012FC4646E00D4E7CB /* FirebaseAnalytics in Frameworks */,
				564DED942FC467DD00D4E7CB /* GoogleSignIn in Frameworks */,
				564DED962FC467DD00D4E7CB /* GoogleSignInSwift in Frameworks */,
			);
			runOnlyForDeploymentPostprocessing = 0;
		};
/* End PBXFrameworksBuildPhase section */

/* Begin PBXGroup section */
		564DED1C2FC4646D00D4E7CB = {
			isa = PBXGroup;
			children = (
				564DED272FC4646E00D4E7CB /* DailyJournal */,
				564DED262FC4646E00D4E7CB /* Products */,
			);
			sourceTree = "<group>";
		};
		564DED262FC4646E00D4E7CB /* Products */ = {
			isa = PBXGroup;
			children = (
				564DED252FC4646E00D4E7CB /* DailyJournal.app */,
			);
			name = Products;
			sourceTree = "<group>";
		};
/* End PBXGroup section */

/* Begin PBXNativeTarget section */
		564DED242FC4646E00D4E7CB /* DailyJournal */ = {
			isa = PBXNativeTarget;
			buildConfigurationList = 564DED302FC4647000D4E7CB /* Build configuration list for PBXNativeTarget "DailyJournal" */;
			buildPhases = (
				564DED212FC4646E00D4E7CB /* Sources */,
				564DED222FC4646E00D4E7CB /* Frameworks */,
				564DED232FC4646E00D4E7CB /* Resources */,
				AABB00012FC4646E00D4E7CB /* Strip Framework Signatures */,
			);
			buildRules = (
			);
			dependencies = (
			);
			fileSystemSynchronizedGroups = (
				564DED272FC4646E00D4E7CB /* DailyJournal */,
			);
			name = DailyJournal;
			packageProductDependencies = (
				AA0000FE2FC4646E00D4E7CB /* FirebaseCore */,
				AA0001102FC4646E00D4E7CB /* FirebaseAuth */,
				AA0001122FC4646E00D4E7CB /* FirebaseFirestore */,
				AA0002002FC4646E00D4E7CB /* FirebaseMessaging */,
				AA0003002FC4646E00D4E7CB /* FirebaseStorage */,
				AA0004002FC4646E00D4E7CB /* FirebaseAppCheck */,
				AA0005002FC4646E00D4E7CB /* FirebaseAnalytics */,
				564DED932FC467DD00D4E7CB /* GoogleSignIn */,
				564DED952FC467DD00D4E7CB /* GoogleSignInSwift */,
				560920F8304F1E040074EB91 /* RevenueCat */,
				560920FA304F1E040074EB91 /* RevenueCatUI */,
			);
			productName = DailyJournal;
			productReference = 564DED252FC4646E00D4E7CB /* DailyJournal.app */;
			productType = "com.apple.product-type.application";
		};
/* End PBXNativeTarget section */

/* Begin PBXProject section */
		564DED1D2FC4646E00D4E7CB /* Project object */ = {
			isa = PBXProject;
			attributes = {
				BuildIndependentTargetsInParallel = 1;
				LastSwiftUpdateCheck = 2650;
				LastUpgradeCheck = 2650;
				TargetAttributes = {
					564DED242FC4646E00D4E7CB = {
						CreatedOnToolsVersion = 26.5;
					};
				};
			};
			buildConfigurationList = 564DED202FC4646E00D4E7CB /* Build configuration list for PBXProject "DailyJournal" */;
			developmentRegion = en;
			hasScannedForEncodings = 0;
			knownRegions = (
				en,
				Base,
			);
			mainGroup = 564DED1C2FC4646D00D4E7CB;
			minimizedProjectReferenceProxies = 1;
			packageReferences = (
				564DED912FC4677000D4E7CB /* XCRemoteSwiftPackageReference "firebase-ios-sdk" */,
				564DED922FC467DD00D4E7CB /* XCRemoteSwiftPackageReference "GoogleSignIn-iOS" */,
				560920F7304F1E040074EB91 /* XCRemoteSwiftPackageReference "purchases-ios-spm" */,
			);
			preferredProjectObjectVersion = 77;
			productRefGroup = 564DED262FC4646E00D4E7CB /* Products */;
			projectDirPath = "";
			projectRoot = "";
			targets = (
				564DED242FC4646E00D4E7CB /* DailyJournal */,
			);
		};
/* End PBXProject section */

/* Begin PBXResourcesBuildPhase section */
		564DED232FC4646E00D4E7CB /* Resources */ = {
			isa = PBXResourcesBuildPhase;
			buildActionMask = 2147483647;
			files = (
			);
			runOnlyForDeploymentPostprocessing = 0;
		};
/* End PBXResourcesBuildPhase section */

/* Begin PBXShellScriptBuildPhase section */
		AABB00012FC4646E00D4E7CB /* Strip Framework Signatures */ = {
			isa = PBXShellScriptBuildPhase;
			buildActionMask = 2147483647;
			files = (
			);
			inputFileListPaths = (
			);
			inputPaths = (
			);
			name = "Strip Framework Signatures";
			outputFileListPaths = (
			);
			outputPaths = (
			);
			runOnlyForDeploymentPostprocessing = 0;
			shellPath = /bin/sh;
			shellScript = "find \"${CODESIGNING_FOLDER_PATH}/Frameworks\" -name \"*.framework\" -exec /usr/bin/codesign --remove-signature {} \\; 2>/dev/null; true\n";
		};
/* End PBXShellScriptBuildPhase section */

/* Begin PBXSourcesBuildPhase section */
		564DED212FC4646E00D4E7CB /* Sources */ = {
			isa = PBXSourcesBuildPhase;
			buildActionMask = 2147483647;
			files = (
			);
			runOnlyForDeploymentPostprocessing = 0;
		};
/* End PBXSourcesBuildPhase section */

/* Begin XCBuildConfiguration section */
		564DED2E2FC4647000D4E7CB /* Debug */ = {
			isa = XCBuildConfiguration;
			buildSettings = {
				ALWAYS_SEARCH_USER_PATHS = NO;
				ASSETCATALOG_COMPILER_GENERATE_SWIFT_ASSET_SYMBOL_EXTENSIONS = YES;
				CLANG_ANALYZER_NONNULL = YES;
				CLANG_ANALYZER_NUMBER_OBJECT_CONVERSION = YES_AGGRESSIVE;
				CLANG_CXX_LANGUAGE_STANDARD = "gnu++20";
				CLANG_ENABLE_MODULES = YES;
				CLANG_ENABLE_OBJC_ARC = YES;
				CLANG_ENABLE_OBJC_WEAK = YES;
				CLANG_WARN_BLOCK_CAPTURE_AUTORELEASING = YES;
				CLANG_WARN_BOOL_CONVERSION = YES;
				CLANG_WARN_COMMA = YES;
				CLANG_WARN_CONSTANT_CONVERSION = YES;
				CLANG_WARN_DEPRECATED_OBJC_IMPLEMENTATIONS = YES;
				CLANG_WARN_DIRECT_OBJC_ISA_USAGE = YES_ERROR;
				CLANG_WARN_DOCUMENTATION_COMMENTS = YES;
				CLANG_WARN_EMPTY_BODY = YES;
				CLANG_WARN_ENUM_CONVERSION = YES;
				CLANG_WARN_INFINITE_RECURSION = YES;
				CLANG_WARN_INT_CONVERSION = YES;
				CLANG_WARN_NON_LITERAL_NULL_CONVERSION = YES;
				CLANG_WARN_OBJC_IMPLICIT_RETAIN_SELF = YES;
				CLANG_WARN_OBJC_LITERAL_CONVERSION = YES;
				CLANG_WARN_OBJC_ROOT_CLASS = YES_ERROR;
				CLANG_WARN_QUOTED_INCLUDE_IN_FRAMEWORK_HEADER = YES;
				CLANG_WARN_RANGE_LOOP_ANALYSIS = YES;
				CLANG_WARN_STRICT_PROTOTYPES = YES;
				CLANG_WARN_SUSPICIOUS_MOVE = YES;
				CLANG_WARN_UNGUARDED_AVAILABILITY = YES_AGGRESSIVE;
				CLANG_WARN_UNREACHABLE_CODE = YES;
				CLANG_WARN__DUPLICATE_METHOD_MATCH = YES;
				COPY_PHASE_STRIP = NO;
				DEBUG_INFORMATION_FORMAT = dwarf;
				ENABLE_STRICT_OBJC_MSGSEND = YES;
				ENABLE_TESTABILITY = YES;
				ENABLE_USER_SCRIPT_SANDBOXING = YES;
				GCC_C_LANGUAGE_STANDARD = gnu17;
				GCC_DYNAMIC_NO_PIC = NO;
				GCC_NO_COMMON_BLOCKS = YES;
				GCC_OPTIMIZATION_LEVEL = 0;
				GCC_PREPROCESSOR_DEFINITIONS = (
					"DEBUG=1",
					"$(inherited)",
				);
				GCC_WARN_64_TO_32_BIT_CONVERSION = YES;
				GCC_WARN_ABOUT_RETURN_TYPE = YES_ERROR;
				GCC_WARN_UNDECLARED_SELECTOR = YES;
				GCC_WARN_UNINITIALIZED_AUTOS = YES_AGGRESSIVE;
				GCC_WARN_UNUSED_FUNCTION = YES;
				GCC_WARN_UNUSED_VARIABLE = YES;
				LOCALIZATION_PREFERS_STRING_CATALOGS = YES;
				MTL_ENABLE_DEBUG_INFO = INCLUDE_SOURCE;
				MTL_FAST_MATH = YES;
				ONLY_ACTIVE_ARCH = YES;
				SWIFT_ACTIVE_COMPILATION_CONDITIONS = "DEBUG $(inherited)";
				SWIFT_OPTIMIZATION_LEVEL = "-Onone";
			};
			name = Debug;
		};
		564DED2F2FC4647000D4E7CB /* Release */ = {
			isa = XCBuildConfiguration;
			buildSettings = {
				ALWAYS_SEARCH_USER_PATHS = NO;
				ASSETCATALOG_COMPILER_GENERATE_SWIFT_ASSET_SYMBOL_EXTENSIONS = YES;
				CLANG_ANALYZER_NONNULL = YES;
				CLANG_ANALYZER_NUMBER_OBJECT_CONVERSION = YES_AGGRESSIVE;
				CLANG_CXX_LANGUAGE_STANDARD = "gnu++20";
				CLANG_ENABLE_MODULES = YES;
				CLANG_ENABLE_OBJC_ARC = YES;
				CLANG_ENABLE_OBJC_WEAK = YES;
				CLANG_WARN_BLOCK_CAPTURE_AUTORELEASING = YES;
				CLANG_WARN_BOOL_CONVERSION = YES;
				CLANG_WARN_COMMA = YES;
				CLANG_WARN_CONSTANT_CONVERSION = YES;
				CLANG_WARN_DEPRECATED_OBJC_IMPLEMENTATIONS = YES;
				CLANG_WARN_DIRECT_OBJC_ISA_USAGE = YES_ERROR;
				CLANG_WARN_DOCUMENTATION_COMMENTS = YES;
				CLANG_WARN_EMPTY_BODY = YES;
				CLANG_WARN_ENUM_CONVERSION = YES;
				CLANG_WARN_INFINITE_RECURSION = YES;
				CLANG_WARN_INT_CONVERSION = YES;
				CLANG_WARN_NON_LITERAL_NULL_CONVERSION = YES;
				CLANG_WARN_OBJC_IMPLICIT_RETAIN_SELF = YES;
				CLANG_WARN_OBJC_LITERAL_CONVERSION = YES;
				CLANG_WARN_OBJC_ROOT_CLASS = YES_ERROR;
				CLANG_WARN_QUOTED_INCLUDE_IN_FRAMEWORK_HEADER = YES;
				CLANG_WARN_RANGE_LOOP_ANALYSIS = YES;
				CLANG_WARN_STRICT_PROTOTYPES = YES;
				CLANG_WARN_SUSPICIOUS_MOVE = YES;
				CLANG_WARN_UNGUARDED_AVAILABILITY = YES_AGGRESSIVE;
				CLANG_WARN_UNREACHABLE_CODE = YES;
				CLANG_WARN__DUPLICATE_METHOD_MATCH = YES;
				COPY_PHASE_STRIP = NO;
				DEBUG_INFORMATION_FORMAT = "dwarf-with-dsym";
				ENABLE_NS_ASSERTIONS = NO;
				ENABLE_STRICT_OBJC_MSGSEND = YES;
				ENABLE_USER_SCRIPT_SANDBOXING = YES;
				GCC_C_LANGUAGE_STANDARD = gnu17;
				GCC_NO_COMMON_BLOCKS = YES;
				GCC_WARN_64_TO_32_BIT_CONVERSION = YES;
				GCC_WARN_ABOUT_RETURN_TYPE = YES_ERROR;
				GCC_WARN_UNDECLARED_SELECTOR = YES;
				GCC_WARN_UNINITIALIZED_AUTOS = YES_AGGRESSIVE;
				GCC_WARN_UNUSED_FUNCTION = YES;
				GCC_WARN_UNUSED_VARIABLE = YES;
				LOCALIZATION_PREFERS_STRING_CATALOGS = YES;
				MTL_ENABLE_DEBUG_INFO = NO;
				MTL_FAST_MATH = YES;
				SWIFT_COMPILATION_MODE = wholemodule;
			};
			name = Release;
		};
		564DED312FC4647000D4E7CB /* Debug */ = {
			isa = XCBuildConfiguration;
			buildSettings = {
				ASSETCATALOG_COMPILER_APPICON_NAME = AppIcon;
				ASSETCATALOG_COMPILER_GLOBAL_ACCENT_COLOR_NAME = AccentColor;
				CODE_SIGN_ENTITLEMENTS = DailyJournal/DailyJournal.entitlements;
				CODE_SIGN_IDENTITY = "Apple Development";
				CODE_SIGN_STYLE = Automatic;
				CURRENT_PROJECT_VERSION = 1;
				DEVELOPMENT_TEAM = 8JL4YNAW67;
				ENABLE_PREVIEWS = YES;
				GENERATE_INFOPLIST_FILE = YES;
				INFOPLIST_FILE = DailyJournal/Info.plist;
				INFOPLIST_KEY_LSApplicationCategoryType = "public.app-category.lifestyle";
				"INFOPLIST_KEY_UIApplicationSceneManifest_Generation[sdk=iphoneos*]" = YES;
				"INFOPLIST_KEY_UIApplicationSceneManifest_Generation[sdk=iphonesimulator*]" = YES;
				"INFOPLIST_KEY_UIApplicationSupportsIndirectInputEvents[sdk=iphoneos*]" = YES;
				"INFOPLIST_KEY_UIApplicationSupportsIndirectInputEvents[sdk=iphonesimulator*]" = YES;
				"INFOPLIST_KEY_UILaunchScreen_Generation[sdk=iphoneos*]" = YES;
				"INFOPLIST_KEY_UILaunchScreen_Generation[sdk=iphonesimulator*]" = YES;
				"INFOPLIST_KEY_UIStatusBarStyle[sdk=iphoneos*]" = UIStatusBarStyleDefault;
				"INFOPLIST_KEY_UIStatusBarStyle[sdk=iphonesimulator*]" = UIStatusBarStyleDefault;
				INFOPLIST_KEY_UISupportedInterfaceOrientations_iPad = "UIInterfaceOrientationPortrait UIInterfaceOrientationPortraitUpsideDown UIInterfaceOrientationLandscapeLeft UIInterfaceOrientationLandscapeRight";
				INFOPLIST_KEY_UISupportedInterfaceOrientations_iPhone = "UIInterfaceOrientationPortrait UIInterfaceOrientationLandscapeLeft UIInterfaceOrientationLandscapeRight";
				IPHONEOS_DEPLOYMENT_TARGET = 18.6;
				LD_RUNPATH_SEARCH_PATHS = "@executable_path/Frameworks";
				MARKETING_VERSION = 1.3;
				PRODUCT_BUNDLE_IDENTIFIER = com.satakshi.DailyJournal;
				PRODUCT_NAME = "$(TARGET_NAME)";
				PROVISIONING_PROFILE_SPECIFIER = "";
				SDKROOT = auto;
				SUPPORTED_PLATFORMS = "iphoneos iphonesimulator";
				SUPPORTS_MACCATALYST = NO;
				SWIFT_EMIT_LOC_STRINGS = YES;
				SWIFT_VERSION = 5.0;
				TARGETED_DEVICE_FAMILY = "1,2";
			};
			name = Debug;
		};
		564DED322FC4647000D4E7CB /* Release */ = {
			isa = XCBuildConfiguration;
			buildSettings = {
				ASSETCATALOG_COMPILER_APPICON_NAME = AppIcon;
				ASSETCATALOG_COMPILER_GLOBAL_ACCENT_COLOR_NAME = AccentColor;
				CODE_SIGN_ENTITLEMENTS = DailyJournal/DailyJournal.entitlements;
				CODE_SIGN_IDENTITY = "Apple Development";
				CODE_SIGN_STYLE = Automatic;
				CURRENT_PROJECT_VERSION = 1;
				DEVELOPMENT_TEAM = 8JL4YNAW67;
				ENABLE_PREVIEWS = YES;
				GENERATE_INFOPLIST_FILE = YES;
				INFOPLIST_FILE = DailyJournal/Info.plist;
				INFOPLIST_KEY_LSApplicationCategoryType = "public.app-category.lifestyle";
				"INFOPLIST_KEY_UIApplicationSceneManifest_Generation[sdk=iphoneos*]" = YES;
				"INFOPLIST_KEY_UIApplicationSceneManifest_Generation[sdk=iphonesimulator*]" = YES;
				"INFOPLIST_KEY_UIApplicationSupportsIndirectInputEvents[sdk=iphoneos*]" = YES;
				"INFOPLIST_KEY_UIApplicationSupportsIndirectInputEvents[sdk=iphonesimulator*]" = YES;
				"INFOPLIST_KEY_UILaunchScreen_Generation[sdk=iphoneos*]" = YES;
				"INFOPLIST_KEY_UILaunchScreen_Generation[sdk=iphonesimulator*]" = YES;
				"INFOPLIST_KEY_UIStatusBarStyle[sdk=iphoneos*]" = UIStatusBarStyleDefault;
				"INFOPLIST_KEY_UIStatusBarStyle[sdk=iphonesimulator*]" = UIStatusBarStyleDefault;
				INFOPLIST_KEY_UISupportedInterfaceOrientations_iPad = "UIInterfaceOrientationPortrait UIInterfaceOrientationPortraitUpsideDown UIInterfaceOrientationLandscapeLeft UIInterfaceOrientationLandscapeRight";
				INFOPLIST_KEY_UISupportedInterfaceOrientations_iPhone = "UIInterfaceOrientationPortrait UIInterfaceOrientationLandscapeLeft UIInterfaceOrientationLandscapeRight";
				IPHONEOS_DEPLOYMENT_TARGET = 18.6;
				LD_RUNPATH_SEARCH_PATHS = "@executable_path/Frameworks";
				MARKETING_VERSION = 1.3;
				PRODUCT_BUNDLE_IDENTIFIER = com.satakshi.DailyJournal;
				PRODUCT_NAME = "$(TARGET_NAME)";
				PROVISIONING_PROFILE_SPECIFIER = "";
				SDKROOT = auto;
				SUPPORTED_PLATFORMS = "iphoneos iphonesimulator";
				SUPPORTS_MACCATALYST = NO;
				SWIFT_EMIT_LOC_STRINGS = YES;
				SWIFT_VERSION = 5.0;
				TARGETED_DEVICE_FAMILY = "1,2";
			};
			name = Release;
		};
/* End XCBuildConfiguration section */

/* Begin XCConfigurationList section */
		564DED202FC4646E00D4E7CB /* Build configuration list for PBXProject "DailyJournal" */ = {
			isa = XCConfigurationList;
			buildConfigurations = (
				564DED2E2FC4647000D4E7CB /* Debug */,
				564DED2F2FC4647000D4E7CB /* Release */,
			);
			defaultConfigurationIsVisible = 0;
			defaultConfigurationName = Release;
		};
		564DED302FC4647000D4E7CB /* Build configuration list for PBXNativeTarget "DailyJournal" */ = {
			isa = XCConfigurationList;
			buildConfigurations = (
				564DED312FC4647000D4E7CB /* Debug */,
				564DED322FC4647000D4E7CB /* Release */,
			);
			defaultConfigurationIsVisible = 0;
			defaultConfigurationName = Release;
		};
/* End XCConfigurationList section */

/* Begin XCRemoteSwiftPackageReference section */
		560920F7304F1E040074EB91 /* XCRemoteSwiftPackageReference "purchases-ios-spm" */ = {
			isa = XCRemoteSwiftPackageReference;
			repositoryURL = "https://github.com/RevenueCat/purchases-ios-spm.git";
			requirement = {
				kind = upToNextMajorVersion;
				minimumVersion = 5.88.0;
			};
		};
		564DED912FC4677000D4E7CB /* XCRemoteSwiftPackageReference "firebase-ios-sdk" */ = {
			isa = XCRemoteSwiftPackageReference;
			repositoryURL = "https://github.com/firebase/firebase-ios-sdk.git";
			requirement = {
				kind = upToNextMajorVersion;
				minimumVersion = 12.13.0;
			};
		};
		564DED922FC467DD00D4E7CB /* XCRemoteSwiftPackageReference "GoogleSignIn-iOS" */ = {
			isa = XCRemoteSwiftPackageReference;
			repositoryURL = "https://github.com/google/GoogleSignIn-iOS.git";
			requirement = {
				kind = upToNextMajorVersion;
				minimumVersion = 9.1.0;
			};
		};
/* End XCRemoteSwiftPackageReference section */

/* Begin XCSwiftPackageProductDependency section */
		560920F8304F1E040074EB91 /* RevenueCat */ = {
			isa = XCSwiftPackageProductDependency;
			package = 560920F7304F1E040074EB91 /* XCRemoteSwiftPackageReference "purchases-ios-spm" */;
			productName = RevenueCat;
		};
		560920FA304F1E040074EB91 /* RevenueCatUI */ = {
			isa = XCSwiftPackageProductDependency;
			package = 560920F7304F1E040074EB91 /* XCRemoteSwiftPackageReference "purchases-ios-spm" */;
			productName = RevenueCatUI;
		};
		564DED932FC467DD00D4E7CB /* GoogleSignIn */ = {
			isa = XCSwiftPackageProductDependency;
			package = 564DED922FC467DD00D4E7CB /* XCRemoteSwiftPackageReference "GoogleSignIn-iOS" */;
			productName = GoogleSignIn;
		};
		564DED952FC467DD00D4E7CB /* GoogleSignInSwift */ = {
			isa = XCSwiftPackageProductDependency;
			package = 564DED922FC467DD00D4E7CB /* XCRemoteSwiftPackageReference "GoogleSignIn-iOS" */;
			productName = GoogleSignInSwift;
		};
		AA0000FE2FC4646E00D4E7CB /* FirebaseCore */ = {
			isa = XCSwiftPackageProductDependency;
			package = 564DED912FC4677000D4E7CB /* XCRemoteSwiftPackageReference "firebase-ios-sdk" */;
			productName = FirebaseCore;
		};
		AA0001102FC4646E00D4E7CB /* FirebaseAuth */ = {
			isa = XCSwiftPackageProductDependency;
			package = 564DED912FC4677000D4E7CB /* XCRemoteSwiftPackageReference "firebase-ios-sdk" */;
			productName = FirebaseAuth;
		};
		AA0001122FC4646E00D4E7CB /* FirebaseFirestore */ = {
			isa = XCSwiftPackageProductDependency;
			package = 564DED912FC4677000D4E7CB /* XCRemoteSwiftPackageReference "firebase-ios-sdk" */;
			productName = FirebaseFirestore;
		};
		AA0002002FC4646E00D4E7CB /* FirebaseMessaging */ = {
			isa = XCSwiftPackageProductDependency;
			package = 564DED912FC4677000D4E7CB /* XCRemoteSwiftPackageReference "firebase-ios-sdk" */;
			productName = FirebaseMessaging;
		};
		AA0003002FC4646E00D4E7CB /* FirebaseStorage */ = {
			isa = XCSwiftPackageProductDependency;
			package = 564DED912FC4677000D4E7CB /* XCRemoteSwiftPackageReference "firebase-ios-sdk" */;
			productName = FirebaseStorage;
		};
		AA0004002FC4646E00D4E7CB /* FirebaseAppCheck */ = {
			isa = XCSwiftPackageProductDependency;
			package = 564DED912FC4677000D4E7CB /* XCRemoteSwiftPackageReference "firebase-ios-sdk" */;
			productName = FirebaseAppCheck;
		};
		AA0005002FC4646E00D4E7CB /* FirebaseAnalytics */ = {
			isa = XCSwiftPackageProductDependency;
			package = 564DED912FC4677000D4E7CB /* XCRemoteSwiftPackageReference "firebase-ios-sdk" */;
			productName = FirebaseAnalytics;
		};
/* End XCSwiftPackageProductDependency section */
	};
	rootObject = 564DED1D2FC4646E00D4E7CB /* Project object */;
}
